
Microsoft Visual Studio Solution File, Format Version 12.00
# Visual Studio 2013
VisualStudioVersion = 12.0.31101.0
MinimumVisualStudioVersion = 10.0.40219.1
Project("{E24C65DC-7377-472B-9ABA-BC803B73C61A}") = "Project2", "http://localhost:50072", "{690868E1-8D12-4734-875D-154DF1A454FB}"
	ProjectSection(WebsiteProperties) = preProject
		UseIISExpress = "true"
		TargetFrameworkMoniker = ".NETFramework,Version%3Dv4.5"
		Debug.AspNetCompiler.VirtualPath = "/localhost_50072"
		Debug.AspNetCompiler.PhysicalPath = "..\..\..\Documents\Visual Studio 2013\WebSites\Project2\"
		Debug.AspNetCompiler.TargetPath = "PrecompiledWeb\localhost_50072\"
		Debug.AspNetCompiler.Updateable = "true"
		Debug.AspNetCompiler.ForceOverwrite = "true"
		Debug.AspNetCompiler.FixedNames = "false"
		Debug.AspNetCompiler.Debug = "True"
		Release.AspNetCompiler.VirtualPath = "/localhost_50072"
		Release.AspNetCompiler.PhysicalPath = "..\..\..\Documents\Visual Studio 2013\WebSites\Project2\"
		Release.AspNetCompiler.TargetPath = "PrecompiledWeb\localhost_50072\"
		Release.AspNetCompiler.Updateable = "true"
		Release.AspNetCompiler.ForceOverwrite = "true"
		Release.AspNetCompiler.FixedNames = "false"
		Release.AspNetCompiler.Debug = "False"
		SlnRelativePath = "..\..\..\Documents\Visual Studio 2013\WebSites\Project2\"
		DefaultWebSiteLanguage = "Visual C#"
	EndProjectSection
EndProject
Global
	GlobalSection(SolutionConfigurationPlatforms) = preSolution
		Debug|Any CPU = Debug|Any CPU
		Debug|x86 = Debug|x86
	EndGlobalSection
	GlobalSection(ProjectConfigurationPlatforms) = postSolution
		{690868E1-8D12-4734-875D-154DF1A454FB}.Debug|Any CPU.ActiveCfg = Debug|Any CPU
		{690868E1-8D12-4734-875D-154DF1A454FB}.Debug|Any CPU.Build.0 = Debug|Any CPU
		{690868E1-8D12-4734-875D-154DF1A454FB}.Debug|x86.ActiveCfg = Debug|Any CPU
	EndGlobalSection
	GlobalSection(SolutionProperties) = preSolution
		HideSolutionNode = FALSE
	EndGlobalSection
EndGlobal
